
Microsoft Visual Studio Solution File, Format Version 12.00
# Visual Studio Version 17
VisualStudioVersion = 17.4.33403.182
MinimumVisualStudioVersion = 10.0.40219.1
Project("{FAE04EC0-301F-11D3-BF4B-00C04F79EFBC}") = "Misa.FastCode.Api", "Misa.FastCode.Api\Misa.FastCode.Api.csproj", "{1E99B46E-A37E-4966-A6CE-EF4837D08CAE}"
EndProject
Project("{FAE04EC0-301F-11D3-BF4B-00C04F79EFBC}") = "Misa.FastCode.Bl", "Misa.FastCode.Bl\Misa.FastCode.Bl.csproj", "{F19794BE-8261-4E68-84E1-C4877808D384}"
EndProject
Project("{FAE04EC0-301F-11D3-BF4B-00C04F79EFBC}") = "Misa.FastCode.Dl", "Misa.FastCode.Dl\Misa.FastCode.Dl.csproj", "{B16F2F42-03B2-46EA-8644-B81645FAA4E5}"
EndProject
Project("{FAE04EC0-301F-11D3-BF4B-00C04F79EFBC}") = "Misa.FastCode.Common", "Misa.FastCode.Common\Misa.FastCode.Common.csproj", "{CF913D3B-BDC0-4FF5-A0AB-D18D6A754B76}"
EndProject
Global
	GlobalSection(SolutionConfigurationPlatforms) = preSolution
		Debug|Any CPU = Debug|Any CPU
		Release|Any CPU = Release|Any CPU
	EndGlobalSection
	GlobalSection(ProjectConfigurationPlatforms) = postSolution
		{1E99B46E-A37E-4966-A6CE-EF4837D08CAE}.Debug|Any CPU.ActiveCfg = Debug|Any CPU
		{1E99B46E-A37E-4966-A6CE-EF4837D08CAE}.Debug|Any CPU.Build.0 = Debug|Any CPU
		{1E99B46E-A37E-4966-A6CE-EF4837D08CAE}.Release|Any CPU.ActiveCfg = Release|Any CPU
		{1E99B46E-A37E-4966-A6CE-EF4837D08CAE}.Release|Any CPU.Build.0 = Release|Any CPU
		{F19794BE-8261-4E68-84E1-C4877808D384}.Debug|Any CPU.ActiveCfg = Debug|Any CPU
		{F19794BE-8261-4E68-84E1-C4877808D384}.Debug|Any CPU.Build.0 = Debug|Any CPU
		{F19794BE-8261-4E68-84E1-C4877808D384}.Release|Any CPU.ActiveCfg = Release|Any CPU
		{F19794BE-8261-4E68-84E1-C4877808D384}.Release|Any CPU.Build.0 = Release|Any CPU
		{B16F2F42-03B2-46EA-8644-B81645FAA4E5}.Debug|Any CPU.ActiveCfg = Debug|Any CPU
		{B16F2F42-03B2-46EA-8644-B81645FAA4E5}.Debug|Any CPU.Build.0 = Debug|Any CPU
		{B16F2F42-03B2-46EA-8644-B81645FAA4E5}.Release|Any CPU.ActiveCfg = Release|Any CPU
		{B16F2F42-03B2-46EA-8644-B81645FAA4E5}.Release|Any CPU.Build.0 = Release|Any CPU
		{CF913D3B-BDC0-4FF5-A0AB-D18D6A754B76}.Debug|Any CPU.ActiveCfg = Debug|Any CPU
		{CF913D3B-BDC0-4FF5-A0AB-D18D6A754B76}.Debug|Any CPU.Build.0 = Debug|Any CPU
		{CF913D3B-BDC0-4FF5-A0AB-D18D6A754B76}.Release|Any CPU.ActiveCfg = Release|Any CPU
		{CF913D3B-BDC0-4FF5-A0AB-D18D6A754B76}.Release|Any CPU.Build.0 = Release|Any CPU
	EndGlobalSection
	GlobalSection(SolutionProperties) = preSolution
		HideSolutionNode = FALSE
	EndGlobalSection
	GlobalSection(ExtensibilityGlobals) = postSolution
		SolutionGuid = {7B323207-8A1F-40BF-A5C3-B52CC5F61387}
	EndGlobalSection
EndGlobal
